
Microsoft Visual Studio Solution File, Format Version 12.00
# Visual Studio Version 16
VisualStudioVersion = 16.0.30907.101
MinimumVisualStudioVersion = 10.0.40219.1
Project("{2150E333-8FDC-42A3-9474-1A3956D46DE8}") = "PremiumDomain", "PremiumDomain", "{9B13D48F-5DD9-491B-9B71-CB39A3134752}"
EndProject
Project("{2150E333-8FDC-42A3-9474-1A3956D46DE8}") = "Api", "Api", "{B0710BDD-9296-468D-8212-F14A7BC91A64}"
EndProject
Project("{2150E333-8FDC-42A3-9474-1A3956D46DE8}") = "Application", "Application", "{45895FAC-6554-4E6E-B06B-B22A41AD1E5A}"
EndProject
Project("{2150E333-8FDC-42A3-9474-1A3956D46DE8}") = "Infrastructure", "Infrastructure", "{16CC52E4-748A-4BAF-8A42-8CAEC69E7267}"
EndProject
Project("{2150E333-8FDC-42A3-9474-1A3956D46DE8}") = "Domain", "Domain", "{7EE57FA6-F100-48BE-841E-F0CE49AB0368}"
EndProject
Project("{9A19103F-16F7-4668-BE54-9A1E7A4F7556}") = "PremiumDomain.Model", "PremiumDomain\PremiumDomain.Model\PremiumDomain.Model.csproj", "{2B26764F-1821-467F-B4D5-D1BA4F3B8A14}"
EndProject
Project("{9A19103F-16F7-4668-BE54-9A1E7A4F7556}") = "PremiumDomain.Services", "PremiumDomain\PremiumDomain.Services\PremiumDomain.Services.csproj", "{CC6E17F8-7FF4-4AF9-8F3C-37D40B7A8E32}"
EndProject
Project("{9A19103F-16F7-4668-BE54-9A1E7A4F7556}") = "PremiumDomain.Infrastructure", "PremiumDomain\PremiumDomain.Infrastructure\PremiumDomain.Infrastructure.csproj", "{FD99E845-5DD1-41C4-84E6-C43B0E310721}"
	ProjectSection(ProjectDependencies) = postProject
		{2B26764F-1821-467F-B4D5-D1BA4F3B8A14} = {2B26764F-1821-467F-B4D5-D1BA4F3B8A14}
	EndProjectSection
EndProject
Project("{2150E333-8FDC-42A3-9474-1A3956D46DE8}") = "WebUI", "WebUI", "{16B37CFB-2A19-4595-ADCF-C2E277922FEC}"
EndProject
Project("{2150E333-8FDC-42A3-9474-1A3956D46DE8}") = "UnitTesting", "UnitTesting", "{C50C734E-21E9-4BE4-A15D-5DEC3357C7E5}"
EndProject
Project("{9A19103F-16F7-4668-BE54-9A1E7A4F7556}") = "PremiumFinder.ApiServices", "PremiumFinder.ApiServices\PremiumFinder.ApiServices.csproj", "{E54058E6-9F15-4646-BB1F-96E70742DFF5}"
EndProject
Project("{2150E333-8FDC-42A3-9474-1A3956D46DE8}") = "WebApiTest", "WebApiTest", "{3F3D86A7-1E13-44C8-97A9-DBFEA6D09D54}"
EndProject
Project("{2150E333-8FDC-42A3-9474-1A3956D46DE8}") = "ApplicationServiceTest", "ApplicationServiceTest", "{C69F1D3A-D332-4D18-A455-7F7F59C45C9A}"
EndProject
Project("{2150E333-8FDC-42A3-9474-1A3956D46DE8}") = "RepositoryTest", "RepositoryTest", "{CBD42FA3-0C22-48B3-86A4-3EE2F302ED72}"
EndProject
Project("{9A19103F-16F7-4668-BE54-9A1E7A4F7556}") = "PremiumDomain.ServicesTest", "UnitTests\PremiumDomain.ServicesTest\PremiumDomain.ServicesTest.csproj", "{22355E24-46C9-4997-BD3D-87BE9A2E9102}"
EndProject
Project("{9A19103F-16F7-4668-BE54-9A1E7A4F7556}") = "PremiumFinder.ApiServiceTest", "UnitTests\PremiumFinder.ApiServiceTest\PremiumFinder.ApiServiceTest.csproj", "{8BCC709D-2B3E-486B-B652-85BB433B22A3}"
EndProject
Project("{9A19103F-16F7-4668-BE54-9A1E7A4F7556}") = "PremiumDomain.RepositoryTest", "UnitTests\PremiumDomain.RepositoryTest\PremiumDomain.RepositoryTest.csproj", "{53FB8D25-BD56-4AF4-B114-0D3CC8397C1F}"
EndProject
Project("{2150E333-8FDC-42A3-9474-1A3956D46DE8}") = "IntegrationTesting", "IntegrationTesting", "{551D7C1C-4AAC-449A-8BCA-C531D474D493}"
EndProject
Project("{FAE04EC0-301F-11D3-BF4B-00C04F79EFBC}") = "WebApi.xUnitIntegrationTest", "IntegrationTests\WebApi.xUnitIntegrationTest\WebApi.xUnitIntegrationTest.csproj", "{038C7CB4-9FA4-4896-87F5-8F713D6263B2}"
EndProject
Global
	GlobalSection(SolutionConfigurationPlatforms) = preSolution
		Debug|Any CPU = Debug|Any CPU
		Release|Any CPU = Release|Any CPU
	EndGlobalSection
	GlobalSection(ProjectConfigurationPlatforms) = postSolution
		{2B26764F-1821-467F-B4D5-D1BA4F3B8A14}.Debug|Any CPU.ActiveCfg = Debug|Any CPU
		{2B26764F-1821-467F-B4D5-D1BA4F3B8A14}.Debug|Any CPU.Build.0 = Debug|Any CPU
		{2B26764F-1821-467F-B4D5-D1BA4F3B8A14}.Release|Any CPU.ActiveCfg = Release|Any CPU
		{2B26764F-1821-467F-B4D5-D1BA4F3B8A14}.Release|Any CPU.Build.0 = Release|Any CPU
		{CC6E17F8-7FF4-4AF9-8F3C-37D40B7A8E32}.Debug|Any CPU.ActiveCfg = Debug|Any CPU
		{CC6E17F8-7FF4-4AF9-8F3C-37D40B7A8E32}.Debug|Any CPU.Build.0 = Debug|Any CPU
		{CC6E17F8-7FF4-4AF9-8F3C-37D40B7A8E32}.Release|Any CPU.ActiveCfg = Release|Any CPU
		{CC6E17F8-7FF4-4AF9-8F3C-37D40B7A8E32}.Release|Any CPU.Build.0 = Release|Any CPU
		{FD99E845-5DD1-41C4-84E6-C43B0E310721}.Debug|Any CPU.ActiveCfg = Debug|Any CPU
		{FD99E845-5DD1-41C4-84E6-C43B0E310721}.Debug|Any CPU.Build.0 = Debug|Any CPU
		{FD99E845-5DD1-41C4-84E6-C43B0E310721}.Release|Any CPU.ActiveCfg = Release|Any CPU
		{FD99E845-5DD1-41C4-84E6-C43B0E310721}.Release|Any CPU.Build.0 = Release|Any CPU
		{E54058E6-9F15-4646-BB1F-96E70742DFF5}.Debug|Any CPU.ActiveCfg = Debug|Any CPU
		{E54058E6-9F15-4646-BB1F-96E70742DFF5}.Debug|Any CPU.Build.0 = Debug|Any CPU
		{E54058E6-9F15-4646-BB1F-96E70742DFF5}.Release|Any CPU.ActiveCfg = Release|Any CPU
		{E54058E6-9F15-4646-BB1F-96E70742DFF5}.Release|Any CPU.Build.0 = Release|Any CPU
		{22355E24-46C9-4997-BD3D-87BE9A2E9102}.Debug|Any CPU.ActiveCfg = Debug|Any CPU
		{22355E24-46C9-4997-BD3D-87BE9A2E9102}.Debug|Any CPU.Build.0 = Debug|Any CPU
		{22355E24-46C9-4997-BD3D-87BE9A2E9102}.Release|Any CPU.ActiveCfg = Release|Any CPU
		{22355E24-46C9-4997-BD3D-87BE9A2E9102}.Release|Any CPU.Build.0 = Release|Any CPU
		{8BCC709D-2B3E-486B-B652-85BB433B22A3}.Debug|Any CPU.ActiveCfg = Debug|Any CPU
		{8BCC709D-2B3E-486B-B652-85BB433B22A3}.Debug|Any CPU.Build.0 = Debug|Any CPU
		{8BCC709D-2B3E-486B-B652-85BB433B22A3}.Release|Any CPU.ActiveCfg = Release|Any CPU
		{8BCC709D-2B3E-486B-B652-85BB433B22A3}.Release|Any CPU.Build.0 = Release|Any CPU
		{53FB8D25-BD56-4AF4-B114-0D3CC8397C1F}.Debug|Any CPU.ActiveCfg = Debug|Any CPU
		{53FB8D25-BD56-4AF4-B114-0D3CC8397C1F}.Debug|Any CPU.Build.0 = Debug|Any CPU
		{53FB8D25-BD56-4AF4-B114-0D3CC8397C1F}.Release|Any CPU.ActiveCfg = Release|Any CPU
		{53FB8D25-BD56-4AF4-B114-0D3CC8397C1F}.Release|Any CPU.Build.0 = Release|Any CPU
		{038C7CB4-9FA4-4896-87F5-8F713D6263B2}.Debug|Any CPU.ActiveCfg = Debug|Any CPU
		{038C7CB4-9FA4-4896-87F5-8F713D6263B2}.Debug|Any CPU.Build.0 = Debug|Any CPU
		{038C7CB4-9FA4-4896-87F5-8F713D6263B2}.Release|Any CPU.ActiveCfg = Release|Any CPU
		{038C7CB4-9FA4-4896-87F5-8F713D6263B2}.Release|Any CPU.Build.0 = Release|Any CPU
	EndGlobalSection
	GlobalSection(SolutionProperties) = preSolution
		HideSolutionNode = FALSE
	EndGlobalSection
	GlobalSection(NestedProjects) = preSolution
		{45895FAC-6554-4E6E-B06B-B22A41AD1E5A} = {9B13D48F-5DD9-491B-9B71-CB39A3134752}
		{16CC52E4-748A-4BAF-8A42-8CAEC69E7267} = {9B13D48F-5DD9-491B-9B71-CB39A3134752}
		{7EE57FA6-F100-48BE-841E-F0CE49AB0368} = {9B13D48F-5DD9-491B-9B71-CB39A3134752}
		{2B26764F-1821-467F-B4D5-D1BA4F3B8A14} = {7EE57FA6-F100-48BE-841E-F0CE49AB0368}
		{CC6E17F8-7FF4-4AF9-8F3C-37D40B7A8E32} = {45895FAC-6554-4E6E-B06B-B22A41AD1E5A}
		{FD99E845-5DD1-41C4-84E6-C43B0E310721} = {16CC52E4-748A-4BAF-8A42-8CAEC69E7267}
		{E54058E6-9F15-4646-BB1F-96E70742DFF5} = {B0710BDD-9296-468D-8212-F14A7BC91A64}
		{3F3D86A7-1E13-44C8-97A9-DBFEA6D09D54} = {C50C734E-21E9-4BE4-A15D-5DEC3357C7E5}
		{C69F1D3A-D332-4D18-A455-7F7F59C45C9A} = {C50C734E-21E9-4BE4-A15D-5DEC3357C7E5}
		{CBD42FA3-0C22-48B3-86A4-3EE2F302ED72} = {C50C734E-21E9-4BE4-A15D-5DEC3357C7E5}
		{22355E24-46C9-4997-BD3D-87BE9A2E9102} = {C69F1D3A-D332-4D18-A455-7F7F59C45C9A}
		{8BCC709D-2B3E-486B-B652-85BB433B22A3} = {3F3D86A7-1E13-44C8-97A9-DBFEA6D09D54}
		{53FB8D25-BD56-4AF4-B114-0D3CC8397C1F} = {CBD42FA3-0C22-48B3-86A4-3EE2F302ED72}
		{038C7CB4-9FA4-4896-87F5-8F713D6263B2} = {551D7C1C-4AAC-449A-8BCA-C531D474D493}
	EndGlobalSection
	GlobalSection(ExtensibilityGlobals) = postSolution
		SolutionGuid = {E495FA9F-5B7B-408D-B0B4-BBAE5362A73F}
	EndGlobalSection
EndGlobal
